
Microsoft Visual Studio Solution File, Format Version 12.00
# Visual Studio Version 16
VisualStudioVersion = 25.0.1700.7
MinimumVisualStudioVersion = 10.0.40219.1
Project("{FAE04EC0-301F-11D3-BF4B-00C04F79EFBC}") = "main", "main.csproj", "{021AC8CF-C87A-41EA-AE4F-DBD8489A745D}"
EndProject
Global
	GlobalSection(SolutionConfigurationPlatforms) = preSolution
		Debug|Any CPU = Debug|Any CPU
		Release|Any CPU = Release|Any CPU
	EndGlobalSection
	GlobalSection(ProjectConfigurationPlatforms) = postSolution
		{021AC8CF-C87A-41EA-AE4F-DBD8489A745D}.Debug|Any CPU.ActiveCfg = Debug|Any CPU
		{021AC8CF-C87A-41EA-AE4F-DBD8489A745D}.Debug|Any CPU.Build.0 = Debug|Any CPU
		{021AC8CF-C87A-41EA-AE4F-DBD8489A745D}.Release|Any CPU.ActiveCfg = Release|Any CPU
		{021AC8CF-C87A-41EA-AE4F-DBD8489A745D}.Release|Any CPU.Build.0 = Release|Any CPU
	EndGlobalSection
	GlobalSection(SolutionProperties) = preSolution
		HideSolutionNode = FALSE
	EndGlobalSection
	GlobalSection(ExtensibilityGlobals) = postSolution
		SolutionGuid = {3D95572B-9365-47BE-BA3B-5BD470489A66}
	EndGlobalSection
EndGlobal
